// !$*UTF8*$!
{
	archiveVersion = 1;
	classes = {
	};
	objectVersion = 55;
	objects = {

/* Begin PBXBuildFile section */
		0531F6FC28CA5C5E00CD1C4B /* DataStorage.swift in Sources */ = {isa = PBXBuildFile; fileRef = 0531F6FB28CA5C5E00CD1C4B /* DataStorage.swift */; };
		059CBDF328C786DA00152137 /* AppDelegate.swift in Sources */ = {isa = PBXBuildFile; fileRef = 059CBDF228C786DA00152137 /* AppDelegate.swift */; };
		059CBDF528C786DA00152137 /* SceneDelegate.swift in Sources */ = {isa = PBXBuildFile; fileRef = 059CBDF428C786DA00152137 /* SceneDelegate.swift */; };
		059CBDF728C786DA00152137 /* MainViewController.swift in Sources */ = {isa = PBXBuildFile; fileRef = 059CBDF628C786DA00152137 /* MainViewController.swift */; };
		059CBDFA28C786DA00152137 /* Main.storyboard in Resources */ = {isa = PBXBuildFile; fileRef = 059CBDF828C786DA00152137 /* Main.storyboard */; };
		059CBDFD28C786DA00152137 /* Mobile.xcdatamodeld in Sources */ = {isa = PBXBuildFile; fileRef = 059CBDFB28C786DA00152137 /* Mobile.xcdatamodeld */; };
		059CBDFF28C786DB00152137 /* Assets.xcassets in Resources */ = {isa = PBXBuildFile; fileRef = 059CBDFE28C786DB00152137 /* Assets.xcassets */; };
		059CBE0228C786DB00152137 /* LaunchScreen.storyboard in Resources */ = {isa = PBXBuildFile; fileRef = 059CBE0028C786DB00152137 /* LaunchScreen.storyboard */; };
		059CBE0A28C79F0F00152137 /* MainCollectionViewCell.swift in Sources */ = {isa = PBXBuildFile; fileRef = 059CBE0928C79F0E00152137 /* MainCollectionViewCell.swift */; };
/* End PBXBuildFile section */

/* Begin PBXFileReference section */
		0531F6FB28CA5C5E00CD1C4B /* DataStorage.swift */ = {isa = PBXFileReference; lastKnownFileType = sourcecode.swift; path = DataStorage.swift; sourceTree = "<group>"; };
		059CBDEF28C786DA00152137 /* Mobile.app */ = {isa = PBXFileReference; explicitFileType = wrapper.application; includeInIndex = 0; path = Mobile.app; sourceTree = BUILT_PRODUCTS_DIR; };
		059CBDF228C786DA00152137 /* AppDelegate.swift */ = {isa = PBXFileReference; lastKnownFileType = sourcecode.swift; path = AppDelegate.swift; sourceTree = "<group>"; };
		059CBDF428C786DA00152137 /* SceneDelegate.swift */ = {isa = PBXFileReference; lastKnownFileType = sourcecode.swift; path = SceneDelegate.swift; sourceTree = "<group>"; };
		059CBDF628C786DA00152137 /* MainViewController.swift */ = {isa = PBXFileReference; lastKnownFileType = sourcecode.swift; path = MainViewController.swift; sourceTree = "<group>"; };
		059CBDF928C786DA00152137 /* Base */ = {isa = PBXFileReference; lastKnownFileType = file.storyboard; name = Base; path = Base.lproj/Main.storyboard; sourceTree = "<group>"; };
		059CBDFC28C786DA00152137 /* Mobile.xcdatamodel */ = {isa = PBXFileReference; lastKnownFileType = wrapper.xcdatamodel; path = Mobile.xcdatamodel; sourceTree = "<group>"; };
		059CBDFE28C786DB00152137 /* Assets.xcassets */ = {isa = PBXFileReference; lastKnownFileType = folder.assetcatalog; path = Assets.xcassets; sourceTree = "<group>"; };
		059CBE0128C786DB00152137 /* Base */ = {isa = PBXFileReference; lastKnownFileType = file.storyboard; name = Base; path = Base.lproj/LaunchScreen.storyboard; sourceTree = "<group>"; };
		059CBE0328C786DB00152137 /* Info.plist */ = {isa = PBXFileReference; lastKnownFileType = text.plist.xml; path = Info.plist; sourceTree = "<group>"; };
		059CBE0928C79F0E00152137 /* MainCollectionViewCell.swift */ = {isa = PBXFileReference; lastKnownFileType = sourcecode.swift; path = MainCollectionViewCell.swift; sourceTree = "<group>"; };
/* End PBXFileReference section */

/* Begin PBXFrameworksBuildPhase section */
		059CBDEC28C786DA00152137 /* Frameworks */ = {
			isa = PBXFrameworksBuildPhase;
			buildActionMask = 2147483647;
			files = (
			);
			runOnlyForDeploymentPostprocessing = 0;
		};
/* End PBXFrameworksBuildPhase section */

/* Begin PBXGroup section */
		059CBDE628C786DA00152137 = {
			isa = PBXGroup;
			children = (
				059CBDF128C786DA00152137 /* Mobile */,
				059CBDF028C786DA00152137 /* Products */,
			);
			sourceTree = "<group>";
		};
		059CBDF028C786DA00152137 /* Products */ = {
			isa = PBXGroup;
			children = (
				059CBDEF28C786DA00152137 /* Mobile.app */,
			);
			name = Products;
			sourceTree = "<group>";
		};
		059CBDF128C786DA00152137 /* Mobile */ = {
			isa = PBXGroup;
			children = (
				059CBDF228C786DA00152137 /* AppDelegate.swift */,
				059CBDF428C786DA00152137 /* SceneDelegate.swift */,
				059CBDF628C786DA00152137 /* MainViewController.swift */,
				059CBE0928C79F0E00152137 /* MainCollectionViewCell.swift */,
				0531F6FB28CA5C5E00CD1C4B /* DataStorage.swift */,
				059CBDF828C786DA00152137 /* Main.storyboard */,
				059CBDFE28C786DB00152137 /* Assets.xcassets */,
				059CBE0028C786DB00152137 /* LaunchScreen.storyboard */,
				059CBE0328C786DB00152137 /* Info.plist */,
				059CBDFB28C786DA00152137 /* Mobile.xcdatamodeld */,
			);
			path = Mobile;
			sourceTree = "<group>";
		};
/* End PBXGroup section */

/* Begin PBXNativeTarget section */
		059CBDEE28C786DA00152137 /* Mobile */ = {
			isa = PBXNativeTarget;
			buildConfigurationList = 059CBE0628C786DB00152137 /* Build configuration list for PBXNativeTarget "Mobile" */;
			buildPhases = (
				059CBDEB28C786DA00152137 /* Sources */,
				059CBDEC28C786DA00152137 /* Frameworks */,
				059CBDED28C786DA00152137 /* Resources */,
			);
			buildRules = (
			);
			dependencies = (
			);
			name = Mobile;
			productName = Mobile;
			productReference = 059CBDEF28C786DA00152137 /* Mobile.app */;
			productType = "com.apple.product-type.application";
		};
/* End PBXNativeTarget section */

/* Begin PBXProject section */
		059CBDE728C786DA00152137 /* Project object */ = {
			isa = PBXProject;
			attributes = {
				BuildIndependentTargetsInParallel = 1;
				LastSwiftUpdateCheck = 1330;
				LastUpgradeCheck = 1330;
				TargetAttributes = {
					059CBDEE28C786DA00152137 = {
						CreatedOnToolsVersion = 13.3;
					};
				};
			};
			buildConfigurationList = 059CBDEA28C786DA00152137 /* Build configuration list for PBXProject "Mobile" */;
			compatibilityVersion = "Xcode 13.0";
			developmentRegion = en;
			hasScannedForEncodings = 0;
			knownRegions = (
				en,
				Base,
			);
			mainGroup = 059CBDE628C786DA00152137;
			productRefGroup = 059CBDF028C786DA00152137 /* Products */;
			projectDirPath = "";
			projectRoot = "";
			targets = (
				059CBDEE28C786DA00152137 /* Mobile */,
			);
		};
/* End PBXProject section */

/* Begin PBXResourcesBuildPhase section */
		059CBDED28C786DA00152137 /* Resources */ = {
			isa = PBXResourcesBuildPhase;
			buildActionMask = 2147483647;
			files = (
				059CBE0228C786DB00152137 /* LaunchScreen.storyboard in Resources */,
				059CBDFF28C786DB00152137 /* Assets.xcassets in Resources */,
				059CBDFA28C786DA00152137 /* Main.storyboard in Resources */,
			);
			runOnlyForDeploymentPostprocessing = 0;
		};
/* End PBXResourcesBuildPhase section */

/* Begin PBXSourcesBuildPhase section */
		059CBDEB28C786DA00152137 /* Sources */ = {
			isa = PBXSourcesBuildPhase;
			buildActionMask = 2147483647;
			files = (
				059CBDF728C786DA00152137 /* MainViewController.swift in Sources */,
				059CBDF328C786DA00152137 /* AppDelegate.swift in Sources */,
				059CBE0A28C79F0F00152137 /* MainCollectionViewCell.swift in Sources */,
				0531F6FC28CA5C5E00CD1C4B /* DataStorage.swift in Sources */,
				059CBDF528C786DA00152137 /* SceneDelegate.swift in Sources */,
				059CBDFD28C786DA00152137 /* Mobile.xcdatamodeld in Sources */,
			);
			runOnlyForDeploymentPostprocessing = 0;
		};
/* End PBXSourcesBuildPhase section */

/* Begin PBXVariantGroup section */
		059CBDF828C786DA00152137 /* Main.storyboard */ = {
			isa = PBXVariantGroup;
			children = (
				059CBDF928C786DA00152137 /* Base */,
			);
			name = Main.storyboard;
			sourceTree = "<group>";
		};
		059CBE0028C786DB00152137 /* LaunchScreen.storyboard */ = {
			isa = PBXVariantGroup;
			children = (
				059CBE0128C786DB00152137 /* Base */,
			);
			name = LaunchScreen.storyboard;
			sourceTree = "<group>";
		};
/* End PBXVariantGroup section */

/* Begin XCBuildConfiguration section */
		059CBE0428C786DB00152137 /* Debug */ = {
			isa = XCBuildConfiguration;
			buildSettings = {
				ALWAYS_SEARCH_USER_PATHS = NO;
				CLANG_ANALYZER_NONNULL = YES;
				CLANG_ANALYZER_NUMBER_OBJECT_CONVERSION = YES_AGGRESSIVE;
				CLANG_CXX_LANGUAGE_STANDARD = "gnu++17";
				CLANG_ENABLE_MODULES = YES;
				CLANG_ENABLE_OBJC_ARC = YES;
				CLANG_ENABLE_OBJC_WEAK = YES;
				CLANG_WARN_BLOCK_CAPTURE_AUTORELEASING = YES;
				CLANG_WARN_BOOL_CONVERSION = YES;
				CLANG_WARN_COMMA = YES;
				CLANG_WARN_CONSTANT_CONVERSION = YES;
				CLANG_WARN_DEPRECATED_OBJC_IMPLEMENTATIONS = YES;
				CLANG_WARN_DIRECT_OBJC_ISA_USAGE = YES_ERROR;
				CLANG_WARN_DOCUMENTATION_COMMENTS = YES;
				CLANG_WARN_EMPTY_BODY = YES;
				CLANG_WARN_ENUM_CONVERSION = YES;
				CLANG_WARN_INFINITE_RECURSION = YES;
				CLANG_WARN_INT_CONVERSION = YES;
				CLANG_WARN_NON_LITERAL_NULL_CONVERSION = YES;
				CLANG_WARN_OBJC_IMPLICIT_RETAIN_SELF = YES;
				CLANG_WARN_OBJC_LITERAL_CONVERSION = YES;
				CLANG_WARN_OBJC_ROOT_CLASS = YES_ERROR;
				CLANG_WARN_QUOTED_INCLUDE_IN_FRAMEWORK_HEADER = YES;
				CLANG_WARN_RANGE_LOOP_ANALYSIS = YES;
				CLANG_WARN_STRICT_PROTOTYPES = YES;
				CLANG_WARN_SUSPICIOUS_MOVE = YES;
				CLANG_WARN_UNGUARDED_AVAILABILITY = YES_AGGRESSIVE;
				CLANG_WARN_UNREACHABLE_CODE = YES;
				CLANG_WARN__DUPLICATE_METHOD_MATCH = YES;
				COPY_PHASE_STRIP = NO;
				DEBUG_INFORMATION_FORMAT = dwarf;
				ENABLE_STRICT_OBJC_MSGSEND = YES;
				ENABLE_TESTABILITY = YES;
				GCC_C_LANGUAGE_STANDARD = gnu11;
				GCC_DYNAMIC_NO_PIC = NO;
				GCC_NO_COMMON_BLOCKS = YES;
				GCC_OPTIMIZATION_LEVEL = 0;
				GCC_PREPROCESSOR_DEFINITIONS = (
					"DEBUG=1",
					"$(inherited)",
				);
				GCC_WARN_64_TO_32_BIT_CONVERSION = YES;
				GCC_WARN_ABOUT_RETURN_TYPE = YES_ERROR;
				GCC_WARN_UNDECLARED_SELECTOR = YES;
				GCC_WARN_UNINITIALIZED_AUTOS = YES_AGGRESSIVE;
				GCC_WARN_UNUSED_FUNCTION = YES;
				GCC_WARN_UNUSED_VARIABLE = YES;
				IPHONEOS_DEPLOYMENT_TARGET = 15.4;
				MTL_ENABLE_DEBUG_INFO = INCLUDE_SOURCE;
				MTL_FAST_MATH = YES;
				ONLY_ACTIVE_ARCH = YES;
				SDKROOT = iphoneos;
				SWIFT_ACTIVE_COMPILATION_CONDITIONS = DEBUG;
				SWIFT_OPTIMIZATION_LEVEL = "-Onone";
			};
			name = Debug;
		};
		059CBE0528C786DB00152137 /* Release */ = {
			isa = XCBuildConfiguration;
			buildSettings = {
				ALWAYS_SEARCH_USER_PATHS = NO;
				CLANG_ANALYZER_NONNULL = YES;
				CLANG_ANALYZER_NUMBER_OBJECT_CONVERSION = YES_AGGRESSIVE;
				CLANG_CXX_LANGUAGE_STANDARD = "gnu++17";
				CLANG_ENABLE_MODULES = YES;
				CLANG_ENABLE_OBJC_ARC = YES;
				CLANG_ENABLE_OBJC_WEAK = YES;
				CLANG_WARN_BLOCK_CAPTURE_AUTORELEASING = YES;
				CLANG_WARN_BOOL_CONVERSION = YES;
				CLANG_WARN_COMMA = YES;
				CLANG_WARN_CONSTANT_CONVERSION = YES;
				CLANG_WARN_DEPRECATED_OBJC_IMPLEMENTATIONS = YES;
				CLANG_WARN_DIRECT_OBJC_ISA_USAGE = YES_ERROR;
				CLANG_WARN_DOCUMENTATION_COMMENTS = YES;
				CLANG_WARN_EMPTY_BODY = YES;
				CLANG_WARN_ENUM_CONVERSION = YES;
				CLANG_WARN_INFINITE_RECURSION = YES;
				CLANG_WARN_INT_CONVERSION = YES;
				CLANG_WARN_NON_LITERAL_NULL_CONVERSION = YES;
				CLANG_WARN_OBJC_IMPLICIT_RETAIN_SELF = YES;
				CLANG_WARN_OBJC_LITERAL_CONVERSION = YES;
				CLANG_WARN_OBJC_ROOT_CLASS = YES_ERROR;
				CLANG_WARN_QUOTED_INCLUDE_IN_FRAMEWORK_HEADER = YES;
				CLANG_WARN_RANGE_LOOP_ANALYSIS = YES;
				CLANG_WARN_STRICT_PROTOTYPES = YES;
				CLANG_WARN_SUSPICIOUS_MOVE = YES;
				CLANG_WARN_UNGUARDED_AVAILABILITY = YES_AGGRESSIVE;
				CLANG_WARN_UNREACHABLE_CODE = YES;
				CLANG_WARN__DUPLICATE_METHOD_MATCH = YES;
				COPY_PHASE_STRIP = NO;
				DEBUG_INFORMATION_FORMAT = "dwarf-with-dsym";
				ENABLE_NS_ASSERTIONS = NO;
				ENABLE_STRICT_OBJC_MSGSEND = YES;
				GCC_C_LANGUAGE_STANDARD = gnu11;
				GCC_NO_COMMON_BLOCKS = YES;
				GCC_WARN_64_TO_32_BIT_CONVERSION = YES;
				GCC_WARN_ABOUT_RETURN_TYPE = YES_ERROR;
				GCC_WARN_UNDECLARED_SELECTOR = YES;
				GCC_WARN_UNINITIALIZED_AUTOS = YES_AGGRESSIVE;
				GCC_WARN_UNUSED_FUNCTION = YES;
				GCC_WARN_UNUSED_VARIABLE = YES;
				IPHONEOS_DEPLOYMENT_TARGET = 15.4;
				MTL_ENABLE_DEBUG_INFO = NO;
				MTL_FAST_MATH = YES;
				SDKROOT = iphoneos;
				SWIFT_COMPILATION_MODE = wholemodule;
				SWIFT_OPTIMIZATION_LEVEL = "-O";
				VALIDATE_PRODUCT = YES;
			};
			name = Release;
		};
		059CBE0728C786DB00152137 /* Debug */ = {
			isa = XCBuildConfiguration;
			buildSettings = {
				ASSETCATALOG_COMPILER_APPICON_NAME = AppIcon;
				ASSETCATALOG_COMPILER_GLOBAL_ACCENT_COLOR_NAME = AccentColor;
				CODE_SIGN_STYLE = Automatic;
				CURRENT_PROJECT_VERSION = 1;
				DEVELOPMENT_TEAM = 8542G88A5S;
				GENERATE_INFOPLIST_FILE = YES;
				INFOPLIST_FILE = Mobile/Info.plist;
				INFOPLIST_KEY_UIApplicationSupportsIndirectInputEvents = YES;
				INFOPLIST_KEY_UILaunchStoryboardName = LaunchScreen;
				INFOPLIST_KEY_UIMainStoryboardFile = Main;
				INFOPLIST_KEY_UISupportedInterfaceOrientations_iPad = "UIInterfaceOrientationPortrait UIInterfaceOrientationPortraitUpsideDown UIInterfaceOrientationLandscapeLeft UIInterfaceOrientationLandscapeRight";
				INFOPLIST_KEY_UISupportedInterfaceOrientations_iPhone = "UIInterfaceOrientationPortrait UIInterfaceOrientationLandscapeLeft UIInterfaceOrientationLandscapeRight";
				LD_RUNPATH_SEARCH_PATHS = (
					"$(inherited)",
					"@executable_path/Frameworks",
				);
				MARKETING_VERSION = 1.0;
				PRODUCT_BUNDLE_IDENTIFIER = nzvln.Mobile;
				PRODUCT_NAME = "$(TARGET_NAME)";
				SWIFT_EMIT_LOC_STRINGS = YES;
				SWIFT_VERSION = 5.0;
				TARGETED_DEVICE_FAMILY = "1,2";
			};
			name = Debug;
		};
		059CBE0828C786DB00152137 /* Release */ = {
			isa = XCBuildConfiguration;
			buildSettings = {
				ASSETCATALOG_COMPILER_APPICON_NAME = AppIcon;
				ASSETCATALOG_COMPILER_GLOBAL_ACCENT_COLOR_NAME = AccentColor;
				CODE_SIGN_STYLE = Automatic;
				CURRENT_PROJECT_VERSION = 1;
				DEVELOPMENT_TEAM = 8542G88A5S;
				GENERATE_INFOPLIST_FILE = YES;
				INFOPLIST_FILE = Mobile/Info.plist;
				INFOPLIST_KEY_UIApplicationSupportsIndirectInputEvents = YES;
				INFOPLIST_KEY_UILaunchStoryboardName = LaunchScreen;
				INFOPLIST_KEY_UIMainStoryboardFile = Main;
				INFOPLIST_KEY_UISupportedInterfaceOrientations_iPad = "UIInterfaceOrientationPortrait UIInterfaceOrientationPortraitUpsideDown UIInterfaceOrientationLandscapeLeft UIInterfaceOrientationLandscapeRight";
				INFOPLIST_KEY_UISupportedInterfaceOrientations_iPhone = "UIInterfaceOrientationPortrait UIInterfaceOrientationLandscapeLeft UIInterfaceOrientationLandscapeRight";
				LD_RUNPATH_SEARCH_PATHS = (
					"$(inherited)",
					"@executable_path/Frameworks",
				);
				MARKETING_VERSION = 1.0;
				PRODUCT_BUNDLE_IDENTIFIER = nzvln.Mobile;
				PRODUCT_NAME = "$(TARGET_NAME)";
				SWIFT_EMIT_LOC_STRINGS = YES;
				SWIFT_VERSION = 5.0;
				TARGETED_DEVICE_FAMILY = "1,2";
			};
			name = Release;
		};
/* End XCBuildConfiguration section */

/* Begin XCConfigurationList section */
		059CBDEA28C786DA00152137 /* Build configuration list for PBXProject "Mobile" */ = {
			isa = XCConfigurationList;
			buildConfigurations = (
				059CBE0428C786DB00152137 /* Debug */,
				059CBE0528C786DB00152137 /* Release */,
			);
			defaultConfigurationIsVisible = 0;
			defaultConfigurationName = Release;
		};
		059CBE0628C786DB00152137 /* Build configuration list for PBXNativeTarget "Mobile" */ = {
			isa = XCConfigurationList;
			buildConfigurations = (
				059CBE0728C786DB00152137 /* Debug */,
				059CBE0828C786DB00152137 /* Release */,
			);
			defaultConfigurationIsVisible = 0;
			defaultConfigurationName = Release;
		};
/* End XCConfigurationList section */

/* Begin XCVersionGroup section */
		059CBDFB28C786DA00152137 /* Mobile.xcdatamodeld */ = {
			isa = XCVersionGroup;
			children = (
				059CBDFC28C786DA00152137 /* Mobile.xcdatamodel */,
			);
			currentVersion = 059CBDFC28C786DA00152137 /* Mobile.xcdatamodel */;
			path = Mobile.xcdatamodeld;
			sourceTree = "<group>";
			versionGroupType = wrapper.xcdatamodel;
		};
/* End XCVersionGroup section */
	};
	rootObject = 059CBDE728C786DA00152137 /* Project object */;
}
